
Microsoft Visual Studio Solution File, Format Version 12.00
# Visual Studio 14
VisualStudioVersion = 14.0.23107.0
MinimumVisualStudioVersion = 10.0.40219.1
Project("{FAE04EC0-301F-11D3-BF4B-00C04F79EFBC}") = "Smartfiction", "Smartfiction\Smartfiction.csproj", "{2000117E-EB15-4ECA-AFB2-0C24192FFEBC}"
EndProject
Project("{FAE04EC0-301F-11D3-BF4B-00C04F79EFBC}") = "LiveTileScheduledTaskAgent", "LiveTileScheduledTaskAgent\LiveTileScheduledTaskAgent.csproj", "{4D0A9D0E-8972-48D5-AA23-C1A00E27E85A}"
EndProject
Project("{FAE04EC0-301F-11D3-BF4B-00C04F79EFBC}") = "Common", "Common\Common.csproj", "{1EC7C343-8D34-4C74-AB5A-617661F6C6CC}"
EndProject
Global
	GlobalSection(SolutionConfigurationPlatforms) = preSolution
		Debug|Any CPU = Debug|Any CPU
		Debug|ARM = Debug|ARM
		Debug|x86 = Debug|x86
		Release|Any CPU = Release|Any CPU
		Release|ARM = Release|ARM
		Release|x86 = Release|x86
	EndGlobalSection
	GlobalSection(ProjectConfigurationPlatforms) = postSolution
		{2000117E-EB15-4ECA-AFB2-0C24192FFEBC}.Debug|Any CPU.ActiveCfg = Debug|ARM
		{2000117E-EB15-4ECA-AFB2-0C24192FFEBC}.Debug|Any CPU.Build.0 = Debug|ARM
		{2000117E-EB15-4ECA-AFB2-0C24192FFEBC}.Debug|Any CPU.Deploy.0 = Debug|ARM
		{2000117E-EB15-4ECA-AFB2-0C24192FFEBC}.Debug|ARM.ActiveCfg = Debug|ARM
		{2000117E-EB15-4ECA-AFB2-0C24192FFEBC}.Debug|ARM.Build.0 = Debug|ARM
		{2000117E-EB15-4ECA-AFB2-0C24192FFEBC}.Debug|ARM.Deploy.0 = Debug|ARM
		{2000117E-EB15-4ECA-AFB2-0C24192FFEBC}.Debug|x86.ActiveCfg = Debug|x86
		{2000117E-EB15-4ECA-AFB2-0C24192FFEBC}.Debug|x86.Build.0 = Debug|x86
		{2000117E-EB15-4ECA-AFB2-0C24192FFEBC}.Debug|x86.Deploy.0 = Debug|x86
		{2000117E-EB15-4ECA-AFB2-0C24192FFEBC}.Release|Any CPU.ActiveCfg = Release|Any CPU
		{2000117E-EB15-4ECA-AFB2-0C24192FFEBC}.Release|Any CPU.Build.0 = Release|Any CPU
		{2000117E-EB15-4ECA-AFB2-0C24192FFEBC}.Release|Any CPU.Deploy.0 = Release|Any CPU
		{2000117E-EB15-4ECA-AFB2-0C24192FFEBC}.Release|ARM.ActiveCfg = Release|ARM
		{2000117E-EB15-4ECA-AFB2-0C24192FFEBC}.Release|ARM.Build.0 = Release|ARM
		{2000117E-EB15-4ECA-AFB2-0C24192FFEBC}.Release|ARM.Deploy.0 = Release|ARM
		{2000117E-EB15-4ECA-AFB2-0C24192FFEBC}.Release|x86.ActiveCfg = Release|x86
		{2000117E-EB15-4ECA-AFB2-0C24192FFEBC}.Release|x86.Build.0 = Release|x86
		{2000117E-EB15-4ECA-AFB2-0C24192FFEBC}.Release|x86.Deploy.0 = Release|x86
		{4D0A9D0E-8972-48D5-AA23-C1A00E27E85A}.Debug|Any CPU.ActiveCfg = Debug|Any CPU
		{4D0A9D0E-8972-48D5-AA23-C1A00E27E85A}.Debug|Any CPU.Build.0 = Debug|Any CPU
		{4D0A9D0E-8972-48D5-AA23-C1A00E27E85A}.Debug|ARM.ActiveCfg = Debug|ARM
		{4D0A9D0E-8972-48D5-AA23-C1A00E27E85A}.Debug|ARM.Build.0 = Debug|ARM
		{4D0A9D0E-8972-48D5-AA23-C1A00E27E85A}.Debug|x86.ActiveCfg = Debug|x86
		{4D0A9D0E-8972-48D5-AA23-C1A00E27E85A}.Debug|x86.Build.0 = Debug|x86
		{4D0A9D0E-8972-48D5-AA23-C1A00E27E85A}.Release|Any CPU.ActiveCfg = Release|Any CPU
		{4D0A9D0E-8972-48D5-AA23-C1A00E27E85A}.Release|Any CPU.Build.0 = Release|Any CPU
		{4D0A9D0E-8972-48D5-AA23-C1A00E27E85A}.Release|ARM.ActiveCfg = Release|ARM
		{4D0A9D0E-8972-48D5-AA23-C1A00E27E85A}.Release|ARM.Build.0 = Release|ARM
		{4D0A9D0E-8972-48D5-AA23-C1A00E27E85A}.Release|x86.ActiveCfg = Release|x86
		{4D0A9D0E-8972-48D5-AA23-C1A00E27E85A}.Release|x86.Build.0 = Release|x86
		{1EC7C343-8D34-4C74-AB5A-617661F6C6CC}.Debug|Any CPU.ActiveCfg = Debug|Any CPU
		{1EC7C343-8D34-4C74-AB5A-617661F6C6CC}.Debug|Any CPU.Build.0 = Debug|Any CPU
		{1EC7C343-8D34-4C74-AB5A-617661F6C6CC}.Debug|ARM.ActiveCfg = Debug|ARM
		{1EC7C343-8D34-4C74-AB5A-617661F6C6CC}.Debug|ARM.Build.0 = Debug|ARM
		{1EC7C343-8D34-4C74-AB5A-617661F6C6CC}.Debug|x86.ActiveCfg = Debug|x86
		{1EC7C343-8D34-4C74-AB5A-617661F6C6CC}.Debug|x86.Build.0 = Debug|x86
		{1EC7C343-8D34-4C74-AB5A-617661F6C6CC}.Release|Any CPU.ActiveCfg = Release|Any CPU
		{1EC7C343-8D34-4C74-AB5A-617661F6C6CC}.Release|Any CPU.Build.0 = Release|Any CPU
		{1EC7C343-8D34-4C74-AB5A-617661F6C6CC}.Release|ARM.ActiveCfg = Release|ARM
		{1EC7C343-8D34-4C74-AB5A-617661F6C6CC}.Release|ARM.Build.0 = Release|ARM
		{1EC7C343-8D34-4C74-AB5A-617661F6C6CC}.Release|x86.ActiveCfg = Release|x86
		{1EC7C343-8D34-4C74-AB5A-617661F6C6CC}.Release|x86.Build.0 = Release|x86
	EndGlobalSection
	GlobalSection(SolutionProperties) = preSolution
		HideSolutionNode = FALSE
	EndGlobalSection
EndGlobal
